
Microsoft Visual Studio Solution File, Format Version 12.00
# Visual Studio 15
VisualStudioVersion = 15.0.28307.902
MinimumVisualStudioVersion = 10.0.40219.1
Project("{FAE04EC0-301F-11D3-BF4B-00C04F79EFBC}") = "rbfx", "rbfx.csproj", "{4355DAB8-1BC6-42B2-BF00-DFFFC42D66F8}"
EndProject
Global
	GlobalSection(SolutionConfigurationPlatforms) = preSolution
		Debug|Any CPU = Debug|Any CPU
		Release|Any CPU = Release|Any CPU
	EndGlobalSection
	GlobalSection(ProjectConfigurationPlatforms) = postSolution
		{4355DAB8-1BC6-42B2-BF00-DFFFC42D66F8}.Debug|Any CPU.ActiveCfg = Debug|Any CPU
		{4355DAB8-1BC6-42B2-BF00-DFFFC42D66F8}.Debug|Any CPU.Build.0 = Debug|Any CPU
		{4355DAB8-1BC6-42B2-BF00-DFFFC42D66F8}.Release|Any CPU.ActiveCfg = Release|Any CPU
		{4355DAB8-1BC6-42B2-BF00-DFFFC42D66F8}.Release|Any CPU.Build.0 = Release|Any CPU
	EndGlobalSection
	GlobalSection(SolutionProperties) = preSolution
		HideSolutionNode = FALSE
	EndGlobalSection
	GlobalSection(ExtensibilityGlobals) = postSolution
		SolutionGuid = {F3592E86-68EF-4BD0-A4C3-4894BF8719E3}
	EndGlobalSection
EndGlobal
